
Microsoft Visual Studio Solution File, Format Version 12.00
# Visual Studio Version 17
VisualStudioVersion = 17.11.35312.102
MinimumVisualStudioVersion = 10.0.40219.1
Project("{FAE04EC0-301F-11D3-BF4B-00C04F79EFBC}") = "RE4R-Treasure-Optimizer", "RE4R-Treasure-Optimizer\RE4R-Treasure-Optimizer.csproj", "{6414694F-DA70-469E-B310-FC547473EF1A}"
EndProject
Project("{FAE04EC0-301F-11D3-BF4B-00C04F79EFBC}") = "RE4R-Treasure-Optimizer.Tests", "RE4R-Treasure-Optimizer.Tests\RE4R-Treasure-Optimizer.Tests.csproj", "{4129C7EB-D423-4B28-926F-83F2A1479B90}"
EndProject
Global
	GlobalSection(SolutionConfigurationPlatforms) = preSolution
		Debug|Any CPU = Debug|Any CPU
		Release|Any CPU = Release|Any CPU
	EndGlobalSection
	GlobalSection(ProjectConfigurationPlatforms) = postSolution
		{6414694F-DA70-469E-B310-FC547473EF1A}.Debug|Any CPU.ActiveCfg = Debug|Any CPU
		{6414694F-DA70-469E-B310-FC547473EF1A}.Debug|Any CPU.Build.0 = Debug|Any CPU
		{6414694F-DA70-469E-B310-FC547473EF1A}.Release|Any CPU.ActiveCfg = Release|Any CPU
		{6414694F-DA70-469E-B310-FC547473EF1A}.Release|Any CPU.Build.0 = Release|Any CPU
		{4129C7EB-D423-4B28-926F-83F2A1479B90}.Debug|Any CPU.ActiveCfg = Debug|Any CPU
		{4129C7EB-D423-4B28-926F-83F2A1479B90}.Debug|Any CPU.Build.0 = Debug|Any CPU
		{4129C7EB-D423-4B28-926F-83F2A1479B90}.Release|Any CPU.ActiveCfg = Release|Any CPU
		{4129C7EB-D423-4B28-926F-83F2A1479B90}.Release|Any CPU.Build.0 = Release|Any CPU
	EndGlobalSection
	GlobalSection(SolutionProperties) = preSolution
		HideSolutionNode = FALSE
	EndGlobalSection
	GlobalSection(ExtensibilityGlobals) = postSolution
		SolutionGuid = {9FA7BEBF-EB7A-463A-B8FF-F56BD59A9E73}
	EndGlobalSection
EndGlobal
